
Microsoft Visual Studio Solution File, Format Version 12.00
# Visual Studio Version 16
VisualStudioVersion = 16.0.33529.622
MinimumVisualStudioVersion = 10.0.40219.1
Project("{FAE04EC0-301F-11D3-BF4B-00C04F79EFBC}") = "WebAPI", "WebAPI\WebAPI.csproj", "{971A7005-8BB9-4F28-9D38-FC031131B176}"
EndProject
Global
	GlobalSection(SolutionConfigurationPlatforms) = preSolution
		Debug|Any CPU = Debug|Any CPU
		Release|Any CPU = Release|Any CPU
	EndGlobalSection
	GlobalSection(ProjectConfigurationPlatforms) = postSolution
		{971A7005-8BB9-4F28-9D38-FC031131B176}.Debug|Any CPU.ActiveCfg = Debug|Any CPU
		{971A7005-8BB9-4F28-9D38-FC031131B176}.Debug|Any CPU.Build.0 = Debug|Any CPU
		{971A7005-8BB9-4F28-9D38-FC031131B176}.Release|Any CPU.ActiveCfg = Release|Any CPU
		{971A7005-8BB9-4F28-9D38-FC031131B176}.Release|Any CPU.Build.0 = Release|Any CPU
	EndGlobalSection
	GlobalSection(SolutionProperties) = preSolution
		HideSolutionNode = FALSE
	EndGlobalSection
	GlobalSection(ExtensibilityGlobals) = postSolution
		SolutionGuid = {568928EF-B4CF-4E1B-BD9B-A52B988B4454}
	EndGlobalSection
EndGlobal
